lockfileVersion: '9.0'

settings:
  autoInstallPeers: true
  excludeLinksFromLockfile: false

importers:

  .:
    dependencies:
      '@emailjs/browser':
        specifier: ^4.4.1
        version: 4.4.1
      '@emotion/is-prop-valid':
        specifier: latest
        version: 1.4.0
      '@hookform/resolvers':
        specifier: ^3.9.1
        version: 3.10.0(react-hook-form@7.78.0(react@19.1.0))
      '@radix-ui/react-accordion':
        specifier: ^1.2.3
        version: 1.2.13(@types/react-dom@19.0.4(@types/react@19.0.12))(@types/react@19.0.12)(react-dom@19.1.0(react@19.1.0))(react@19.1.0)
      '@radix-ui/react-alert-dialog':
        specifier: ^1.1.4
        version: 1.1.16(@types/react-dom@19.0.4(@types/react@19.0.12))(@types/react@19.0.12)(react-dom@19.1.0(react@19.1.0))(react@19.1.0)
      '@radix-ui/react-aspect-ratio':
        specifier: ^1.1.1
        version: 1.1.9(@types/react-dom@19.0.4(@types/react@19.0.12))(@types/react@19.0.12)(react-dom@19.1.0(react@19.1.0))(react@19.1.0)
      '@radix-ui/react-avatar':
        specifier: ^1.1.2
        version: 1.1.12(@types/react-dom@19.0.4(@types/react@19.0.12))(@types/react@19.0.12)(react-dom@19.1.0(react@19.1.0))(react@19.1.0)
      '@radix-ui/react-checkbox':
        specifier: ^1.1.3
        version: 1.3.4(@types/react-dom@19.0.4(@types/react@19.0.12))(@types/react@19.0.12)(react-dom@19.1.0(react@19.1.0))(react@19.1.0)
      '@radix-ui/react-collapsible':
        specifier: ^1.1.2
        version: 1.1.13(@types/react-dom@19.0.4(@types/react@19.0.12))(@types/react@19.0.12)(react-dom@19.1.0(react@19.1.0))(react@19.1.0)
      '@radix-ui/react-context-menu':
        specifier: ^2.2.4
        version: 2.3.0(@types/react-dom@19.0.4(@types/react@19.0.12))(@types/react@19.0.12)(react-dom@19.1.0(react@19.1.0))(react@19.1.0)
      '@radix-ui/react-dialog':
        specifier: latest
        version: 1.1.16(@types/react-dom@19.0.4(@types/react@19.0.12))(@types/react@19.0.12)(react-dom@19.1.0(react@19.1.0))(react@19.1.0)
      '@radix-ui/react-dropdown-menu':
        specifier: ^2.1.4
        version: 2.1.17(@types/react-dom@19.0.4(@types/react@19.0.12))(@types/react@19.0.12)(react-dom@19.1.0(react@19.1.0))(react@19.1.0)
      '@radix-ui/react-hover-card':
        specifier: ^1.1.4
        version: 1.1.16(@types/react-dom@19.0.4(@types/react@19.0.12))(@types/react@19.0.12)(react-dom@19.1.0(react@19.1.0))(react@19.1.0)
      '@radix-ui/react-label':
        specifier: ^2.1.1
        version: 2.1.9(@types/react-dom@19.0.4(@types/react@19.0.12))(@types/react@19.0.12)(react-dom@19.1.0(react@19.1.0))(react@19.1.0)
      '@radix-ui/react-menubar':
        specifier: ^1.1.4
        version: 1.1.17(@types/react-dom@19.0.4(@types/react@19.0.12))(@types/react@19.0.12)(react-dom@19.1.0(react@19.1.0))(react@19.1.0)
      '@radix-ui/react-navigation-menu':
        specifier: ^1.2.3
        version: 1.2.15(@types/react-dom@19.0.4(@types/react@19.0.12))(@types/react@19.0.12)(react-dom@19.1.0(react@19.1.0))(react@19.1.0)
      '@radix-ui/react-popover':
        specifier: ^1.1.4
        version: 1.1.16(@types/react-dom@19.0.4(@types/react@19.0.12))(@types/react@19.0.12)(react-dom@19.1.0(react@19.1.0))(react@19.1.0)
      '@radix-ui/react-progress':
        specifier: latest
        version: 1.1.9(@types/react-dom@19.0.4(@types/react@19.0.12))(@types/react@19.0.12)(react-dom@19.1.0(react@19.1.0))(react@19.1.0)
      '@radix-ui/react-radio-group':
        specifier: ^1.2.2
        version: 1.4.0(@types/react-dom@19.0.4(@types/react@19.0.12))(@types/react@19.0.12)(react-dom@19.1.0(react@19.1.0))(react@19.1.0)
      '@radix-ui/react-scroll-area':
        specifier: ^1.2.2
        version: 1.2.11(@types/react-dom@19.0.4(@types/react@19.0.12))(@types/react@19.0.12)(react-dom@19.1.0(react@19.1.0))(react@19.1.0)
      '@radix-ui/react-select':
        specifier: ^2.1.4
        version: 2.3.0(@types/react-dom@19.0.4(@types/react@19.0.12))(@types/react@19.0.12)(react-dom@19.1.0(react@19.1.0))(react@19.1.0)
      '@radix-ui/react-separator':
        specifier: ^1.1.1
        version: 1.1.9(@types/react-dom@19.0.4(@types/react@19.0.12))(@types/react@19.0.12)(react-dom@19.1.0(react@19.1.0))(react@19.1.0)
      '@radix-ui/react-slider':
        specifier: ^1.2.2
        version: 1.4.0(@types/react-dom@19.0.4(@types/react@19.0.12))(@types/react@19.0.12)(react-dom@19.1.0(react@19.1.0))(react@19.1.0)
      '@radix-ui/react-slot':
        specifier: ^1.1.1
        version: 1.2.5(@types/react@19.0.12)(react@19.1.0)
      '@radix-ui/react-switch':
        specifier: ^1.1.2
        version: 1.3.0(@types/react-dom@19.0.4(@types/react@19.0.12))(@types/react@19.0.12)(react-dom@19.1.0(react@19.1.0))(react@19.1.0)
      '@radix-ui/react-tabs':
        specifier: ^1.1.2
        version: 1.1.14(@types/react-dom@19.0.4(@types/react@19.0.12))(@types/react@19.0.12)(react-dom@19.1.0(react@19.1.0))(react@19.1.0)
      '@radix-ui/react-toast':
        specifier: ^1.2.4
        version: 1.2.16(@types/react-dom@19.0.4(@types/react@19.0.12))(@types/react@19.0.12)(react-dom@19.1.0(react@19.1.0))(react@19.1.0)
      '@radix-ui/react-toggle':
        specifier: ^1.1.1
        version: 1.1.11(@types/react-dom@19.0.4(@types/react@19.0.12))(@types/react@19.0.12)(react-dom@19.1.0(react@19.1.0))(react@19.1.0)
      '@radix-ui/react-toggle-group':
        specifier: ^1.1.1
        version: 1.1.12(@types/react-dom@19.0.4(@types/react@19.0.12))(@types/react@19.0.12)(react-dom@19.1.0(react@19.1.0))(react@19.1.0)
      '@radix-ui/react-tooltip':
        specifier: ^1.1.6
        version: 1.2.9(@types/react-dom@19.0.4(@types/react@19.0.12))(@types/react@19.0.12)(react-dom@19.1.0(react@19.1.0))(react@19.1.0)
      '@tailwindcss/nesting':
        specifier: 0.0.0-insiders.565cd3e
        version: 0.0.0-insiders.565cd3e(postcss@8.5.3)
      '@tailwindcss/postcss':
        specifier: ^4.0.17
        version: 4.3.0
      '@tailwindcss/typography':
        specifier: ^0.5.16
        version: 0.5.20(tailwindcss@3.4.17)
      '@vercel/speed-insights':
        specifier: ^1.2.0
        version: 1.2.0(next@15.2.8(react-dom@19.1.0(react@19.1.0))(react@19.1.0))(react@19.1.0)
      autoprefixer:
        specifier: ^10.4.21
        version: 10.4.21(postcss@8.5.3)
      class-variance-authority:
        specifier: ^0.7.1
        version: 0.7.1
      clsx:
        specifier: ^2.1.1
        version: 2.1.1
      cmdk:
        specifier: 1.0.4
        version: 1.0.4(@types/react-dom@19.0.4(@types/react@19.0.12))(@types/react@19.0.12)(react-dom@19.1.0(react@19.1.0))(react@19.1.0)
      date-fns:
        specifier: 4.1.0
        version: 4.1.0
      embla-carousel-react:
        specifier: 8.5.1
        version: 8.5.1(react@19.1.0)
      framer-motion:
        specifier: latest
        version: 12.29.2(@emotion/is-prop-valid@1.4.0)(react-dom@19.1.0(react@19.1.0))(react@19.1.0)
      highlight.js:
        specifier: ^11.11.1
        version: 11.11.1
      input-otp:
        specifier: 1.4.1
        version: 1.4.1(react-dom@19.1.0(react@19.1.0))(react@19.1.0)
      lucide-react:
        specifier: ^0.454.0
        version: 0.454.0(react@19.1.0)
      next:
        specifier: 15.2.8
        version: 15.2.8(react-dom@19.1.0(react@19.1.0))(react@19.1.0)
      next-seo:
        specifier: ^6.6.0
        version: 6.8.0(next@15.2.8(react-dom@19.1.0(react@19.1.0))(react@19.1.0))(react-dom@19.1.0(react@19.1.0))(react@19.1.0)
      next-themes:
        specifier: ^0.4.6
        version: 0.4.6(react-dom@19.1.0(react@19.1.0))(react@19.1.0)
      react:
        specifier: ^19.0.0
        version: 19.1.0
      react-day-picker:
        specifier: 8.10.1
        version: 8.10.1(date-fns@4.1.0)(react@19.1.0)
      react-dom:
        specifier: ^19.0.0
        version: 19.1.0(react@19.1.0)
      react-hook-form:
        specifier: ^7.54.1
        version: 7.78.0(react@19.1.0)
      react-icons:
        specifier: ^5.5.0
        version: 5.5.0(react@19.1.0)
      react-resizable-panels:
        specifier: ^2.1.7
        version: 2.1.9(react-dom@19.1.0(react@19.1.0))(react@19.1.0)
      recharts:
        specifier: 2.15.0
        version: 2.15.0(react-dom@19.1.0(react@19.1.0))(react@19.1.0)
      sonner:
        specifier: ^1.7.1
        version: 1.7.4(react-dom@19.1.0(react@19.1.0))(react@19.1.0)
      tailwind-merge:
        specifier: ^2.6.0
        version: 2.6.0
      tailwindcss-animate:
        specifier: ^1.0.7
        version: 1.0.7(tailwindcss@3.4.17)
      vaul:
        specifier: ^0.9.6
        version: 0.9.9(@types/react-dom@19.0.4(@types/react@19.0.12))(@types/react@19.0.12)(react-dom@19.1.0(react@19.1.0))(react@19.1.0)
      zod:
        specifier: ^3.24.1
        version: 3.25.76
    devDependencies:
      '@types/node':
        specifier: ^20.17.28
        version: 20.17.28
      '@types/react':
        specifier: ^19
        version: 19.0.12
      '@types/react-dom':
        specifier: ^19
        version: 19.0.4(@types/react@19.0.12)
      knip:
        specifier: ^5.46.4
        version: 5.88.1(@types/node@20.17.28)(typescript@5.8.2)
      postcss:
        specifier: ^8.4.49
        version: 8.5.3
      postcss-import:
        specifier: ^16.1.0
        version: 16.1.1(postcss@8.5.3)
      postcss-load-config:
        specifier: ^6.0.1
        version: 6.0.1(jiti@2.7.0)(postcss@8.5.3)(yaml@2.9.0)
      tailwind-scrollbar:
        specifier: ^3.1.0
        version: 3.1.0(tailwindcss@3.4.17)
      tailwindcss:
        specifier: ^3.4.17
        version: 3.4.17
      typescript:
        specifier: ^5.8.2
        version: 5.8.2

packages:

  '@alloc/quick-lru@5.2.0':
    resolution: {integrity: sha512-UrcABB+4bUrFABwbluTIBErXwvbsU/V7TZWfmbgJfbkwiBuziS9gxdODUyuiecfdGQ85jglMW6juS3+z5TsKLw==}
    engines: {node: '>=10'}

  '@babel/runtime@7.29.7':
    resolution: {integrity: sha512-Nq8OhGWiZIZGV6hLHoyAKLLcJihP/xFeBMGJoUrxTX2psI8dCifzLhZISFb+VWS3wFMRDmCGw5R+dOySCqPLhw==}
    engines: {node: '>=6.9.0'}

  '@emailjs/browser@4.4.1':
    resolution: {integrity: sha512-DGSlP9sPvyFba3to2A50kDtZ+pXVp/0rhmqs2LmbMS3I5J8FSOgLwzY2Xb4qfKlOVHh29EAutLYwe5yuEZmEFg==}
    engines: {node: '>=14.0.0'}

  '@emnapi/core@1.10.0':
    resolution: {integrity: sha512-yq6OkJ4p82CAfPl0u9mQebQHKPJkY7WrIuk205cTYnYe+k2Z8YBh11FrbRG/H6ihirqcacOgl2BIO8oyMQLeXw==}

  '@emnapi/runtime@1.10.0':
    resolution: {integrity: sha512-ewvYlk86xUoGI0zQRNq/mC+16R1QeDlKQy21Ki3oSYXNgLb45GV1P6A0M+/s6nyCuNDqe5VpaY84BzXGwVbwFA==}

  '@emnapi/runtime@1.4.0':
    resolution: {integrity: sha512-64WYIf4UYcdLnbKn/umDlNjQDSS8AgZrI/R9+x5ilkUVFxXcA1Ebl+gQLc/6mERA4407Xof0R7wEyEuj091CVw==}

  '@emnapi/wasi-threads@1.2.1':
    resolution: {integrity: sha512-uTII7OYF+/Mes/MrcIOYp5yOtSMLBWSIoLPpcgwipoiKbli6k322tcoFsxoIIxPDqW01SQGAgko4EzZi2BNv2w==}

  '@emotion/is-prop-valid@1.4.0':
    resolution: {integrity: sha512-QgD4fyscGcbbKwJmqNvUMSE02OsHUa+lAWKdEUIJKgqe5IwRSKd7+KhibEWdaKwgjLj0DRSHA9biAIqGBk05lw==}

  '@emotion/memoize@0.9.0':
    resolution: {integrity: sha512-30FAj7/EoJ5mwVPOWhAyCX+FPfMDrVecJAM+Iw9NRoSl4BBAQeqj4cApHHUXOVvIPgLVDsCFoz/hGD+5QQD1GQ==}

  '@floating-ui/core@1.7.5':
    resolution: {integrity: sha512-1Ih4WTWyw0+lKyFMcBHGbb5U5FtuHJuujoyyr5zTaWS5EYMeT6Jb2AuDeftsCsEuchO+mM2ij5+q9crhydzLhQ==}

  '@floating-ui/dom@1.7.6':
    resolution: {integrity: sha512-9gZSAI5XM36880PPMm//9dfiEngYoC6Am2izES1FF406YFsjvyBMmeJ2g4SAju3xWwtuynNRFL2s9hgxpLI5SQ==}

  '@floating-ui/react-dom@2.1.8':
    resolution: {integrity: sha512-cC52bHwM/n/CxS87FH0yWdngEZrjdtLW/qVruo68qg+prK7ZQ4YGdut2GyDVpoGeAYe/h899rVeOVm6Oi40k2A==}
    peerDependencies:
      react: '>=16.8.0'
      react-dom: '>=16.8.0'

  '@floating-ui/utils@0.2.11':
    resolution: {integrity: sha512-RiB/yIh78pcIxl6lLMG0CgBXAZ2Y0eVHqMPYugu+9U0AeT6YBeiJpf7lbdJNIugFP5SIjwNRgo4DhR1Qxi26Gg==}

  '@hookform/resolvers@3.10.0':
    resolution: {integrity: sha512-79Dv+3mDF7i+2ajj7SkypSKHhl1cbln1OGavqrsF7p6mbUv11xpqpacPsGDCTRvCSjEEIez2ef1NveSVL3b0Ag==}
    peerDependencies:
      react-hook-form: ^7.0.0

  '@img/sharp-darwin-arm64@0.33.5':
    resolution: {integrity: sha512-UT4p+iz/2H4twwAoLCqfA9UH5pI6DggwKEGuaPy7nCVQ8ZsiY5PIcrRvD1DzuY3qYL07NtIQcWnBSY/heikIFQ==}
    engines: {node: ^18.17.0 || ^20.3.0 || >=21.0.0}
    cpu: [arm64]
    os: [darwin]

  '@img/sharp-darwin-x64@0.33.5':
    resolution: {integrity: sha512-fyHac4jIc1ANYGRDxtiqelIbdWkIuQaI84Mv45KvGRRxSAa7o7d1ZKAOBaYbnepLC1WqxfpimdeWfvqqSGwR2Q==}
    engines: {node: ^18.17.0 || ^20.3.0 || >=21.0.0}
    cpu: [x64]
    os: [darwin]

  '@img/sharp-libvips-darwin-arm64@1.0.4':
    resolution: {integrity: sha512-XblONe153h0O2zuFfTAbQYAX2JhYmDHeWikp1LM9Hul9gVPjFY427k6dFEcOL72O01QxQsWi761svJ/ev9xEDg==}
    cpu: [arm64]
    os: [darwin]

  '@img/sharp-libvips-darwin-x64@1.0.4':
    resolution: {integrity: sha512-xnGR8YuZYfJGmWPvmlunFaWJsb9T/AO2ykoP3Fz/0X5XV2aoYBPkX6xqCQvUTKKiLddarLaxpzNe+b1hjeWHAQ==}
    cpu: [x64]
    os: [darwin]

  '@img/sharp-libvips-linux-arm64@1.0.4':
    resolution: {integrity: sha512-9B+taZ8DlyyqzZQnoeIvDVR/2F4EbMepXMc/NdVbkzsJbzkUjhXv/70GQJ7tdLA4YJgNP25zukcxpX2/SueNrA==}
    cpu: [arm64]
    os: [linux]
    libc: [glibc]

  '@img/sharp-libvips-linux-arm@1.0.5':
    resolution: {integrity: sha512-gvcC4ACAOPRNATg/ov8/MnbxFDJqf/pDePbBnuBDcjsI8PssmjoKMAz4LtLaVi+OnSb5FK/yIOamqDwGmXW32g==}
    cpu: [arm]
    os: [linux]
    libc: [glibc]

  '@img/sharp-libvips-linux-s390x@1.0.4':
    resolution: {integrity: sha512-u7Wz6ntiSSgGSGcjZ55im6uvTrOxSIS8/dgoVMoiGE9I6JAfU50yH5BoDlYA1tcuGS7g/QNtetJnxA6QEsCVTA==}
    cpu: [s390x]
    os: [linux]
    libc: [glibc]

  '@img/sharp-libvips-linux-x64@1.0.4':
    resolution: {integrity: sha512-MmWmQ3iPFZr0Iev+BAgVMb3ZyC4KeFc3jFxnNbEPas60e1cIfevbtuyf9nDGIzOaW9PdnDciJm+wFFaTlj5xYw==}
    cpu: [x64]
    os: [linux]
    libc: [glibc]

  '@img/sharp-libvips-linuxmusl-arm64@1.0.4':
    resolution: {integrity: sha512-9Ti+BbTYDcsbp4wfYib8Ctm1ilkugkA/uscUn6UXK1ldpC1JjiXbLfFZtRlBhjPZ5o1NCLiDbg8fhUPKStHoTA==}
    cpu: [arm64]
    os: [linux]
    libc: [musl]

  '@img/sharp-libvips-linuxmusl-x64@1.0.4':
    resolution: {integrity: sha512-viYN1KX9m+/hGkJtvYYp+CCLgnJXwiQB39damAO7WMdKWlIhmYTfHjwSbQeUK/20vY154mwezd9HflVFM1wVSw==}
    cpu: [x64]
    os: [linux]
    libc: [musl]

  '@img/sharp-linux-arm64@0.33.5':
    resolution: {integrity: sha512-JMVv+AMRyGOHtO1RFBiJy/MBsgz0x4AWrT6QoEVVTyh1E39TrCUpTRI7mx9VksGX4awWASxqCYLCV4wBZHAYxA==}
    engines: {node: ^18.17.0 || ^20.3.0 || >=21.0.0}
    cpu: [arm64]
    os: [linux]
    libc: [glibc]

  '@img/sharp-linux-arm@0.33.5':
    resolution: {integrity: sha512-JTS1eldqZbJxjvKaAkxhZmBqPRGmxgu+qFKSInv8moZ2AmT5Yib3EQ1c6gp493HvrvV8QgdOXdyaIBrhvFhBMQ==}
    engines: {node: ^18.17.0 || ^20.3.0 || >=21.0.0}
    cpu: [arm]
    os: [linux]
    libc: [glibc]

  '@img/sharp-linux-s390x@0.33.5':
    resolution: {integrity: sha512-y/5PCd+mP4CA/sPDKl2961b+C9d+vPAveS33s6Z3zfASk2j5upL6fXVPZi7ztePZ5CuH+1kW8JtvxgbuXHRa4Q==}
    engines: {node: ^18.17.0 || ^20.3.0 || >=21.0.0}
    cpu: [s390x]
    os: [linux]
    libc: [glibc]

  '@img/sharp-linux-x64@0.33.5':
    resolution: {integrity: sha512-opC+Ok5pRNAzuvq1AG0ar+1owsu842/Ab+4qvU879ippJBHvyY5n2mxF1izXqkPYlGuP/M556uh53jRLJmzTWA==}
    engines: {node: ^18.17.0 || ^20.3.0 || >=21.0.0}
    cpu: [x64]
    os: [linux]
    libc: [glibc]

  '@img/sharp-linuxmusl-arm64@0.33.5':
    resolution: {integrity: sha512-XrHMZwGQGvJg2V/oRSUfSAfjfPxO+4DkiRh6p2AFjLQztWUuY/o8Mq0eMQVIY7HJ1CDQUJlxGGZRw1a5bqmd1g==}
    engines: {node: ^18.17.0 || ^20.3.0 || >=21.0.0}
    cpu: [arm64]
    os: [linux]
    libc: [musl]

  '@img/sharp-linuxmusl-x64@0.33.5':
    resolution: {integrity: sha512-WT+d/cgqKkkKySYmqoZ8y3pxx7lx9vVejxW/W4DOFMYVSkErR+w7mf2u8m/y4+xHe7yY9DAXQMWQhpnMuFfScw==}
    engines: {node: ^18.17.0 || ^20.3.0 || >=21.0.0}
    cpu: [x64]
    os: [linux]
    libc: [musl]

  '@img/sharp-wasm32@0.33.5':
    resolution: {integrity: sha512-ykUW4LVGaMcU9lu9thv85CbRMAwfeadCJHRsg2GmeRa/cJxsVY9Rbd57JcMxBkKHag5U/x7TSBpScF4U8ElVzg==}
    engines: {node: ^18.17.0 || ^20.3.0 || >=21.0.0}
    cpu: [wasm32]

  '@img/sharp-win32-ia32@0.33.5':
    resolution: {integrity: sha512-T36PblLaTwuVJ/zw/LaH0PdZkRz5rd3SmMHX8GSmR7vtNSP5Z6bQkExdSK7xGWyxLw4sUknBuugTelgw2faBbQ==}
    engines: {node: ^18.17.0 || ^20.3.0 || >=21.0.0}
    cpu: [ia32]
    os: [win32]

  '@img/sharp-win32-x64@0.33.5':
    resolution: {integrity: sha512-MpY/o8/8kj+EcnxwvrP4aTJSWw/aZ7JIGR4aBeZkZw5B7/Jn+tY9/VNwtcoGmdT7GfggGIU4kygOMSbYnOrAbg==}
    engines: {node: ^18.17.0 || ^20.3.0 || >=21.0.0}
    cpu: [x64]
    os: [win32]

  '@isaacs/cliui@8.0.2':
    resolution: {integrity: sha512-O8jcjabXaleOG9DQ0+ARXWZBTfnP4WNAqzuiJK7ll44AmxGKv/J2M4TPjxjY3znBCfvBXFzucm1twdyFybFqEA==}
    engines: {node: '>=12'}

  '@jridgewell/gen-mapping@0.3.8':
    resolution: {integrity: sha512-imAbBGkb+ebQyxKgzv5Hu2nmROxoDOXHh80evxdoXNOrvAnVx7zimzc1Oo5h9RlfV4vPXaE2iM5pOFbvOCClWA==}
    engines: {node: '>=6.0.0'}

  '@jridgewell/remapping@2.3.5':
    resolution: {integrity: sha512-LI9u/+laYG4Ds1UDKSJW2YPrIlcVYOwi2fUC6xB43lueCjgxV4lffOCZCtYFiH6TNOX+tQKXx97T4IKHbhyHEQ==}

  '@jridgewell/resolve-uri@3.1.2':
    resolution: {integrity: sha512-bRISgCIjP20/tbWSPWMEi54QVPRZExkuD9lJL+UIxUKtwVJA8wW1Trb1jMs1RFXo1CBTNZ/5hpC9QvmKWdopKw==}
    engines: {node: '>=6.0.0'}

  '@jridgewell/set-array@1.2.1':
    resolution: {integrity: sha512-R8gLRTZeyp03ymzP/6Lil/28tGeGEzhx1q2k703KGWRAI1VdvPIXdG70VJc2pAMw3NA6JKL5hhFu1sJX0Mnn/A==}
    engines: {node: '>=6.0.0'}

  '@jridgewell/sourcemap-codec@1.5.0':
    resolution: {integrity: sha512-gv3ZRaISU3fjPAgNsriBRqGWQL6quFx04YMPW/zD8XMLsU32mhCCbfbO6KZFLjvYpCZ8zyDEgqsgf+PwPaM7GQ==}

  '@jridgewell/sourcemap-codec@1.5.5':
    resolution: {integrity: sha512-cYQ9310grqxueWbl+WuIUIaiUaDcj7WOq5fVhEljNVgRfOUhY9fy2zTvfoqWsnebh8Sl70VScFbICvJnLKB0Og==}

  '@jridgewell/trace-mapping@0.3.25':
    resolution: {integrity: sha512-vNk6aEwybGtawWmy/PzwnGDOjCkLWSD2wqvjGGAgOAwCGWySYXfYoxt00IJkTF+8Lb57DwOb3Aa0o9CApepiYQ==}

  '@napi-rs/wasm-runtime@1.1.4':
    resolution: {integrity: sha512-3NQNNgA1YSlJb/kMH1ildASP9HW7/7kYnRI2szWJaofaS1hWmbGI4H+d3+22aGzXXN9IJ+n+GiFVcGipJP18ow==}
    peerDependencies:
      '@emnapi/core': ^1.7.1
      '@emnapi/runtime': ^1.7.1

  '@next/env@15.2.8':
    resolution: {integrity: sha512-TaEsAki14R7BlgywA05t2PFYfwZiNlGUHyIQHVyloXX3y+Dm0HUITe5YwTkjtuOQuDhuuLotNEad4VtnmE11Uw==}

  '@next/swc-darwin-arm64@15.2.5':
    resolution: {integrity: sha512-4OimvVlFTbgzPdA0kh8A1ih6FN9pQkL4nPXGqemEYgk+e7eQhsst/p35siNNqA49eQA6bvKZ1ASsDtu9gtXuog==}
    engines: {node: '>= 10'}
    cpu: [arm64]
    os: [darwin]

  '@next/swc-darwin-x64@15.2.5':
    resolution: {integrity: sha512-ohzRaE9YbGt1ctE0um+UGYIDkkOxHV44kEcHzLqQigoRLaiMtZzGrA11AJh2Lu0lv51XeiY1ZkUvkThjkVNBMA==}
    engines: {node: '>= 10'}
    cpu: [x64]
    os: [darwin]

  '@next/swc-linux-arm64-gnu@15.2.5':
    resolution: {integrity: sha512-FMSdxSUt5bVXqqOoZCc/Seg4LQep9w/fXTazr/EkpXW2Eu4IFI9FD7zBDlID8TJIybmvKk7mhd9s+2XWxz4flA==}
    engines: {node: '>= 10'}
    cpu: [arm64]
    os: [linux]
    libc: [glibc]

  '@next/swc-linux-arm64-musl@15.2.5':
    resolution: {integrity: sha512-4ZNKmuEiW5hRKkGp2HwZ+JrvK4DQRgf1YFfwPiinQBeaxlL6SAuuLOeNPU3AXLMFBo10hZzOV9qRj/w058UxlA==}
    engines: {node: '>= 10'}
    cpu: [arm64]
    os: [linux]
    libc: [musl]

  '@next/swc-linux-x64-gnu@15.2.5':
    resolution: {integrity: sha512-bE6lHQ9GXIf3gCDE53u2pTl99RPZW5V1GLHSRMJ5l/oB/MT+cohu9uwnHK8rRh/rIQAQbu8AReugKeDJASHA38Jc38w==}
    engines: {node: '>= 10'}
    cpu: [x64]
    os: [linux]
    libc: [glibc]

  '@next/swc-linux-x64-musl@15.2.5':
    resolution: {integrity: sha512-yEeQuSkQbTAkCEQnJXm1asRUuGSWAczFJ4uQVohXSg2wUKPBmU7kdmUL1h2Re3RJKXK61ZCoFetBxaLj1xXSgxA1w==}
    engines: {node: '>= 10'}
    cpu: [x64]
    os: [linux]
    libc: [musl]

  '@next/swc-win32-arm64-msvc@15.2.5':
    resolution: {integrity: sha512-gQMz0zA/dskZM2Xyiq2FRShxSrsJNha40Ob/M2n2+JIRrZ0JwTVjLdvtN6vCxuq4ByhOd4a9qMf60hapNR2gQ==}
    engines: {node: '>= 10'}
    cpu: [arm64]
    os: [win32]

  '@next/swc-win32-x64-msvc@15.2.5':
    resolution: {integrity: sha512-tBDNVUcI7U03+3oMvJ11zrtVin5p0NctiuKmTGyATIAVz9Q77xukLXGXrWxKRIIdFG4OTA2rUVGZTYwOwYy14w==}
    engines: {node: '>= 10'}
    cpu: [x64]
    os: [win32]

  '@nodelib/fs.scandir@2.1.5':
    resolution: {integrity: sha512-vq24Bq3Ym5HEQm2NKCr3yDDvjoyyr0vsEThRDNkp2DK9p1uqLR+DHurm/NOTo0KG7HYHU7eppKZj3MyqYuMBf62g==}
    engines: {node: '>= 8'}

  '@nodelib/fs.stat@2.0.5':
    resolution: {integrity: sha512-RkhPPp2zRqDAQA/2jNhndtcPAlv64XdhIp7a7454A5ovI7Bukxgt7MX7udvAu3zg1DcpPU3r3zWV1SeaqvY4+A==}
    engines: {node: '>= 8'}

  '@nodelib/fs.walk@1.2.8':
    resolution: {integrity: sha512-oGB+UxlgWcgQkgw8gcEGwemoTFt3FIO9abaBBmaGwXIoBKz+GTy0pP185beGg7Llih/NSHSV2XAs1lnznocSg==}
    engines: {node: '>= 8'}
